
Microsoft Visual Studio Solution File, Format Version 12.00
# Visual Studio Version 16
VisualStudioVersion = 16.0.30204.135
MinimumVisualStudioVersion = 10.0.40219.1
Project("{FAE04EC0-301F-11D3-BF4B-00C04F79EFBC}") = "KeoghsKataTestCheckout", "KeoghsKataTestCheckout\KeoghsKataTestCheckout.csproj", "{5EFF6AD3-92C8-4549-94D8-B22F3728079E}"
EndProject
Global
	GlobalSection(SolutionConfigurationPlatforms) = preSolution
		Debug|Any CPU = Debug|Any CPU
		Release|Any CPU = Release|Any CPU
	EndGlobalSection
	GlobalSection(ProjectConfigurationPlatforms) = postSolution
		{5EFF6AD3-92C8-4549-94D8-B22F3728079E}.Debug|Any CPU.ActiveCfg = Debug|Any CPU
		{5EFF6AD3-92C8-4549-94D8-B22F3728079E}.Debug|Any CPU.Build.0 = Debug|Any CPU
		{5EFF6AD3-92C8-4549-94D8-B22F3728079E}.Release|Any CPU.ActiveCfg = Release|Any CPU
		{5EFF6AD3-92C8-4549-94D8-B22F3728079E}.Release|Any CPU.Build.0 = Release|Any CPU
	EndGlobalSection
	GlobalSection(SolutionProperties) = preSolution
		HideSolutionNode = FALSE
	EndGlobalSection
	GlobalSection(ExtensibilityGlobals) = postSolution
		SolutionGuid = {0F85CD62-8B0C-4972-928D-1EDF34412627}
	EndGlobalSection
EndGlobal
